
Microsoft Visual Studio Solution File, Format Version 12.00
# Visual Studio 15
VisualStudioVersion = 15.0.28307.106
MinimumVisualStudioVersion = 10.0.40219.1
Project("{2150E333-8FDC-42A3-9474-1A3956D46DE8}") = "Data", "Data", "{C26131BB-8DB4-433B-B39F-DE27742E1774}"
EndProject
Project("{FAE04EC0-301F-11D3-BF4B-00C04F79EFBC}") = "SportsBetting.Data.Models", "Data\SportsBetting.Data.Models\SportsBetting.Data.Models.csproj", "{803FDA14-C8FD-4383-B11B-45F4BC34910A}"
EndProject
Project("{FAE04EC0-301F-11D3-BF4B-00C04F79EFBC}") = "SportsBetting.Data", "Data\SportsBetting.Data\SportsBetting.Data.csproj", "{22F744B0-D455-4FF8-91CD-34D72D1ED206}"
EndProject
Project("{FAE04EC0-301F-11D3-BF4B-00C04F79EFBC}") = "SportsBetting.Data.Common", "Data\SportsBetting.Data.Common\SportsBetting.Data.Common.csproj", "{9B990381-DFA6-4CBF-B4A4-2461DC0CCA2A}"
EndProject
Project("{2150E333-8FDC-42A3-9474-1A3956D46DE8}") = "IoCContainer", "IoCContainer", "{25B91A96-131E-41CE-B403-51A85A90FAD9}"
EndProject
Project("{FAE04EC0-301F-11D3-BF4B-00C04F79EFBC}") = "SportsBetting.IoCContainer.Packages", "IoCContainer\SportsBetting.IoCContainer.Packages\SportsBetting.IoCContainer.Packages.csproj", "{70DB083C-EF76-4E14-BD46-7B04C10DE804}"
EndProject
Project("{FAE04EC0-301F-11D3-BF4B-00C04F79EFBC}") = "SportsBetting.IoCContainer", "IoCContainer\SportsBetting.IoCContainer\SportsBetting.IoCContainer.csproj", "{54135F4C-8A05-4018-8240-6E0CC17EDF91}"
EndProject
Project("{2150E333-8FDC-42A3-9474-1A3956D46DE8}") = "Feeder", "Feeder", "{D06575C7-49E1-4554-9723-AE33D42018B9}"
EndProject
Project("{FAE04EC0-301F-11D3-BF4B-00C04F79EFBC}") = "SportsBetting.Feeder.Bootstrap", "Feeder\SportsBetting.Feeder.Bootstrap\SportsBetting.Feeder.Bootstrap.csproj", "{3D872455-42AE-43F5-9321-82D2EF483068}"
EndProject
Project("{2150E333-8FDC-42A3-9474-1A3956D46DE8}") = "Services", "Services", "{0381F5B8-AB33-4616-81B3-539BC963C5C8}"
EndProject
Project("{FAE04EC0-301F-11D3-BF4B-00C04F79EFBC}") = "SportsBetting.Services.Feeder", "Services\SportsBetting.Services.Feeder\SportsBetting.Services.Feeder.csproj", "{C214AFA0-8068-4A89-A194-88D9C3B4F1D8}"
EndProject
Project("{FAE04EC0-301F-11D3-BF4B-00C04F79EFBC}") = "SportsBetting.Feeder.Models", "Feeder\SportsBetting.Feeder.Models\SportsBetting.Feeder.Models.csproj", "{9D9669F4-7D03-4142-A6DB-55FE1140E04B}"
EndProject
Project("{FAE04EC0-301F-11D3-BF4B-00C04F79EFBC}") = "SportsBetting.Feeder.Core", "Feeder\SportsBetting.Feeder.Core\SportsBetting.Feeder.Core.csproj", "{11A4C8BB-AC0B-4C52-9B91-67A6834F8AFA}"
EndProject
Project("{2150E333-8FDC-42A3-9474-1A3956D46DE8}") = "Common", "Common", "{E02E1ECE-5925-4C24-8D42-3D2A987955AF}"
EndProject
Project("{FAE04EC0-301F-11D3-BF4B-00C04F79EFBC}") = "SportsBetting.Common", "Common\SportsBetting.Common\SportsBetting.Common.csproj", "{B704B382-5AF7-4A6B-9B0A-04E522792386}"
EndProject
Project("{FAE04EC0-301F-11D3-BF4B-00C04F79EFBC}") = "SportsBetting.Data.Cache", "Data\SportsBetting.Data.Cache\SportsBetting.Data.Cache.csproj", "{29342E1C-B0DD-44D7-9431-6E813125947A}"
EndProject
Project("{2150E333-8FDC-42A3-9474-1A3956D46DE8}") = "Clients", "Clients", "{BF0C2592-5BA9-44D2-B198-AA248E87D615}"
EndProject
Project("{FAE04EC0-301F-11D3-BF4B-00C04F79EFBC}") = "SportsBetting.Clients.Feeder", "Clients\SportsBetting.Clients.Feeder\SportsBetting.Clients.Feeder.csproj", "{25EF63C9-E570-452C-A339-CF62EE3A2AF3}"
EndProject
Project("{FAE04EC0-301F-11D3-BF4B-00C04F79EFBC}") = "SportsBetting.Clients.Web", "Clients\SportsBetting.Clients.Web\SportsBetting.Clients.Web.csproj", "{9A620266-6498-4A5F-BE38-F4D236F8B24C}"
EndProject
Project("{FAE04EC0-301F-11D3-BF4B-00C04F79EFBC}") = "SportsBetting.Services.Utils", "Services\SportsBetting.Services.Utils\SportsBetting.Services.Utils.csproj", "{B720E001-3A0F-4B42-9324-6B24E24B41C3}"
EndProject
Project("{2150E333-8FDC-42A3-9474-1A3956D46DE8}") = "Handlers", "Handlers", "{6F9F0024-795F-45BA-A80C-1A8D7D004DE1}"
EndProject
Project("{FAE04EC0-301F-11D3-BF4B-00C04F79EFBC}") = "SportsBetting.Handlers.Commands", "Handlers\SportsBetting.Handlers.Commands\SportsBetting.Handlers.Commands.csproj", "{DAFFD5F9-0ECE-4E24-811C-F0CF688A5263}"
EndProject
Project("{FAE04EC0-301F-11D3-BF4B-00C04F79EFBC}") = "SportsBetting.Handlers.Queries", "Handlers\SportsBetting.Handlers.Queries\SportsBetting.Handlers.Queries.csproj", "{BB51D3DA-718B-4BDD-80D0-1B1807FCB11D}"
EndProject
Project("{FAE04EC0-301F-11D3-BF4B-00C04F79EFBC}") = "SportsBetting.Common.Infrastructure", "Common\SportsBetting.Common.Infrastructure\SportsBetting.Common.Infrastructure.csproj", "{3D172DAC-A5D7-47C5-BB9E-76A8ECBA42D1}"
EndProject
Global
	GlobalSection(SolutionConfigurationPlatforms) = preSolution
		Debug|Any CPU = Debug|Any CPU
		Release|Any CPU = Release|Any CPU
	EndGlobalSection
	GlobalSection(ProjectConfigurationPlatforms) = postSolution
		{803FDA14-C8FD-4383-B11B-45F4BC34910A}.Debug|Any CPU.ActiveCfg = Debug|Any CPU
		{803FDA14-C8FD-4383-B11B-45F4BC34910A}.Debug|Any CPU.Build.0 = Debug|Any CPU
		{803FDA14-C8FD-4383-B11B-45F4BC34910A}.Release|Any CPU.ActiveCfg = Release|Any CPU
		{803FDA14-C8FD-4383-B11B-45F4BC34910A}.Release|Any CPU.Build.0 = Release|Any CPU
		{22F744B0-D455-4FF8-91CD-34D72D1ED206}.Debug|Any CPU.ActiveCfg = Debug|Any CPU
		{22F744B0-D455-4FF8-91CD-34D72D1ED206}.Debug|Any CPU.Build.0 = Debug|Any CPU
		{22F744B0-D455-4FF8-91CD-34D72D1ED206}.Release|Any CPU.ActiveCfg = Release|Any CPU
		{22F744B0-D455-4FF8-91CD-34D72D1ED206}.Release|Any CPU.Build.0 = Release|Any CPU
		{9B990381-DFA6-4CBF-B4A4-2461DC0CCA2A}.Debug|Any CPU.ActiveCfg = Debug|Any CPU
		{9B990381-DFA6-4CBF-B4A4-2461DC0CCA2A}.Debug|Any CPU.Build.0 = Debug|Any CPU
		{9B990381-DFA6-4CBF-B4A4-2461DC0CCA2A}.Release|Any CPU.ActiveCfg = Release|Any CPU
		{9B990381-DFA6-4CBF-B4A4-2461DC0CCA2A}.Release|Any CPU.Build.0 = Release|Any CPU
		{70DB083C-EF76-4E14-BD46-7B04C10DE804}.Debug|Any CPU.ActiveCfg = Debug|Any CPU
		{70DB083C-EF76-4E14-BD46-7B04C10DE804}.Debug|Any CPU.Build.0 = Debug|Any CPU
		{70DB083C-EF76-4E14-BD46-7B04C10DE804}.Release|Any CPU.ActiveCfg = Release|Any CPU
		{70DB083C-EF76-4E14-BD46-7B04C10DE804}.Release|Any CPU.Build.0 = Release|Any CPU
		{54135F4C-8A05-4018-8240-6E0CC17EDF91}.Debug|Any CPU.ActiveCfg = Debug|Any CPU
		{54135F4C-8A05-4018-8240-6E0CC17EDF91}.Debug|Any CPU.Build.0 = Debug|Any CPU
		{54135F4C-8A05-4018-8240-6E0CC17EDF91}.Release|Any CPU.ActiveCfg = Release|Any CPU
		{54135F4C-8A05-4018-8240-6E0CC17EDF91}.Release|Any CPU.Build.0 = Release|Any CPU
		{3D872455-42AE-43F5-9321-82D2EF483068}.Debug|Any CPU.ActiveCfg = Debug|Any CPU
		{3D872455-42AE-43F5-9321-82D2EF483068}.Debug|Any CPU.Build.0 = Debug|Any CPU
		{3D872455-42AE-43F5-9321-82D2EF483068}.Release|Any CPU.ActiveCfg = Release|Any CPU
		{3D872455-42AE-43F5-9321-82D2EF483068}.Release|Any CPU.Build.0 = Release|Any CPU
		{C214AFA0-8068-4A89-A194-88D9C3B4F1D8}.Debug|Any CPU.ActiveCfg = Debug|Any CPU
		{C214AFA0-8068-4A89-A194-88D9C3B4F1D8}.Debug|Any CPU.Build.0 = Debug|Any CPU
		{C214AFA0-8068-4A89-A194-88D9C3B4F1D8}.Release|Any CPU.ActiveCfg = Release|Any CPU
		{C214AFA0-8068-4A89-A194-88D9C3B4F1D8}.Release|Any CPU.Build.0 = Release|Any CPU
		{9D9669F4-7D03-4142-A6DB-55FE1140E04B}.Debug|Any CPU.ActiveCfg = Debug|Any CPU
		{9D9669F4-7D03-4142-A6DB-55FE1140E04B}.Debug|Any CPU.Build.0 = Debug|Any CPU
		{9D9669F4-7D03-4142-A6DB-55FE1140E04B}.Release|Any CPU.ActiveCfg = Release|Any CPU
		{9D9669F4-7D03-4142-A6DB-55FE1140E04B}.Release|Any CPU.Build.0 = Release|Any CPU
		{11A4C8BB-AC0B-4C52-9B91-67A6834F8AFA}.Debug|Any CPU.ActiveCfg = Debug|Any CPU
		{11A4C8BB-AC0B-4C52-9B91-67A6834F8AFA}.Debug|Any CPU.Build.0 = Debug|Any CPU
		{11A4C8BB-AC0B-4C52-9B91-67A6834F8AFA}.Release|Any CPU.ActiveCfg = Release|Any CPU
		{11A4C8BB-AC0B-4C52-9B91-67A6834F8AFA}.Release|Any CPU.Build.0 = Release|Any CPU
		{B704B382-5AF7-4A6B-9B0A-04E522792386}.Debug|Any CPU.ActiveCfg = Debug|Any CPU
		{B704B382-5AF7-4A6B-9B0A-04E522792386}.Debug|Any CPU.Build.0 = Debug|Any CPU
		{B704B382-5AF7-4A6B-9B0A-04E522792386}.Release|Any CPU.ActiveCfg = Release|Any CPU
		{B704B382-5AF7-4A6B-9B0A-04E522792386}.Release|Any CPU.Build.0 = Release|Any CPU
		{29342E1C-B0DD-44D7-9431-6E813125947A}.Debug|Any CPU.ActiveCfg = Debug|Any CPU
		{29342E1C-B0DD-44D7-9431-6E813125947A}.Debug|Any CPU.Build.0 = Debug|Any CPU
		{29342E1C-B0DD-44D7-9431-6E813125947A}.Release|Any CPU.ActiveCfg = Release|Any CPU
		{29342E1C-B0DD-44D7-9431-6E813125947A}.Release|Any CPU.Build.0 = Release|Any CPU
		{25EF63C9-E570-452C-A339-CF62EE3A2AF3}.Debug|Any CPU.ActiveCfg = Debug|Any CPU
		{25EF63C9-E570-452C-A339-CF62EE3A2AF3}.Debug|Any CPU.Build.0 = Debug|Any CPU
		{25EF63C9-E570-452C-A339-CF62EE3A2AF3}.Release|Any CPU.ActiveCfg = Release|Any CPU
		{25EF63C9-E570-452C-A339-CF62EE3A2AF3}.Release|Any CPU.Build.0 = Release|Any CPU
		{9A620266-6498-4A5F-BE38-F4D236F8B24C}.Debug|Any CPU.ActiveCfg = Debug|Any CPU
		{9A620266-6498-4A5F-BE38-F4D236F8B24C}.Debug|Any CPU.Build.0 = Debug|Any CPU
		{9A620266-6498-4A5F-BE38-F4D236F8B24C}.Release|Any CPU.ActiveCfg = Release|Any CPU
		{9A620266-6498-4A5F-BE38-F4D236F8B24C}.Release|Any CPU.Build.0 = Release|Any CPU
		{B720E001-3A0F-4B42-9324-6B24E24B41C3}.Debug|Any CPU.ActiveCfg = Debug|Any CPU
		{B720E001-3A0F-4B42-9324-6B24E24B41C3}.Debug|Any CPU.Build.0 = Debug|Any CPU
		{B720E001-3A0F-4B42-9324-6B24E24B41C3}.Release|Any CPU.ActiveCfg = Release|Any CPU
		{B720E001-3A0F-4B42-9324-6B24E24B41C3}.Release|Any CPU.Build.0 = Release|Any CPU
		{DAFFD5F9-0ECE-4E24-811C-F0CF688A5263}.Debug|Any CPU.ActiveCfg = Debug|Any CPU
		{DAFFD5F9-0ECE-4E24-811C-F0CF688A5263}.Debug|Any CPU.Build.0 = Debug|Any CPU
		{DAFFD5F9-0ECE-4E24-811C-F0CF688A5263}.Release|Any CPU.ActiveCfg = Release|Any CPU
		{DAFFD5F9-0ECE-4E24-811C-F0CF688A5263}.Release|Any CPU.Build.0 = Release|Any CPU
		{BB51D3DA-718B-4BDD-80D0-1B1807FCB11D}.Debug|Any CPU.ActiveCfg = Debug|Any CPU
		{BB51D3DA-718B-4BDD-80D0-1B1807FCB11D}.Debug|Any CPU.Build.0 = Debug|Any CPU
		{BB51D3DA-718B-4BDD-80D0-1B1807FCB11D}.Release|Any CPU.ActiveCfg = Release|Any CPU
		{BB51D3DA-718B-4BDD-80D0-1B1807FCB11D}.Release|Any CPU.Build.0 = Release|Any CPU
		{3D172DAC-A5D7-47C5-BB9E-76A8ECBA42D1}.Debug|Any CPU.ActiveCfg = Debug|Any CPU
		{3D172DAC-A5D7-47C5-BB9E-76A8ECBA42D1}.Debug|Any CPU.Build.0 = Debug|Any CPU
		{3D172DAC-A5D7-47C5-BB9E-76A8ECBA42D1}.Release|Any CPU.ActiveCfg = Release|Any CPU
		{3D172DAC-A5D7-47C5-BB9E-76A8ECBA42D1}.Release|Any CPU.Build.0 = Release|Any CPU
	EndGlobalSection
	GlobalSection(SolutionProperties) = preSolution
		HideSolutionNode = FALSE
	EndGlobalSection
	GlobalSection(NestedProjects) = preSolution
		{803FDA14-C8FD-4383-B11B-45F4BC34910A} = {C26131BB-8DB4-433B-B39F-DE27742E1774}
		{22F744B0-D455-4FF8-91CD-34D72D1ED206} = {C26131BB-8DB4-433B-B39F-DE27742E1774}
		{9B990381-DFA6-4CBF-B4A4-2461DC0CCA2A} = {C26131BB-8DB4-433B-B39F-DE27742E1774}
		{70DB083C-EF76-4E14-BD46-7B04C10DE804} = {25B91A96-131E-41CE-B403-51A85A90FAD9}
		{54135F4C-8A05-4018-8240-6E0CC17EDF91} = {25B91A96-131E-41CE-B403-51A85A90FAD9}
		{3D872455-42AE-43F5-9321-82D2EF483068} = {D06575C7-49E1-4554-9723-AE33D42018B9}
		{C214AFA0-8068-4A89-A194-88D9C3B4F1D8} = {0381F5B8-AB33-4616-81B3-539BC963C5C8}
		{9D9669F4-7D03-4142-A6DB-55FE1140E04B} = {D06575C7-49E1-4554-9723-AE33D42018B9}
		{11A4C8BB-AC0B-4C52-9B91-67A6834F8AFA} = {D06575C7-49E1-4554-9723-AE33D42018B9}
		{B704B382-5AF7-4A6B-9B0A-04E522792386} = {E02E1ECE-5925-4C24-8D42-3D2A987955AF}
		{29342E1C-B0DD-44D7-9431-6E813125947A} = {C26131BB-8DB4-433B-B39F-DE27742E1774}
		{25EF63C9-E570-452C-A339-CF62EE3A2AF3} = {BF0C2592-5BA9-44D2-B198-AA248E87D615}
		{9A620266-6498-4A5F-BE38-F4D236F8B24C} = {BF0C2592-5BA9-44D2-B198-AA248E87D615}
		{B720E001-3A0F-4B42-9324-6B24E24B41C3} = {0381F5B8-AB33-4616-81B3-539BC963C5C8}
		{DAFFD5F9-0ECE-4E24-811C-F0CF688A5263} = {6F9F0024-795F-45BA-A80C-1A8D7D004DE1}
		{BB51D3DA-718B-4BDD-80D0-1B1807FCB11D} = {6F9F0024-795F-45BA-A80C-1A8D7D004DE1}
		{3D172DAC-A5D7-47C5-BB9E-76A8ECBA42D1} = {E02E1ECE-5925-4C24-8D42-3D2A987955AF}
	EndGlobalSection
	GlobalSection(ExtensibilityGlobals) = postSolution
		SolutionGuid = {268FD570-3112-4B6E-8255-B4566ED2CDCC}
	EndGlobalSection
EndGlobal
