
Microsoft Visual Studio Solution File, Format Version 12.00
# Visual Studio 15
VisualStudioVersion = 15.0.28307.106
MinimumVisualStudioVersion = 10.0.40219.1
Project("{2150E333-8FDC-42A3-9474-1A3956D46DE8}") = "Data", "Data", "{C26131BB-8DB4-433B-B39F-DE27742E1774}"
EndProject
Project("{FAE04EC0-301F-11D3-BF4B-00C04F79EFBC}") = "SportsBetting.Data.Models", "Data\SportsBetting.Data.Models\SportsBetting.Data.Models.csproj", "{803FDA14-C8FD-4383-B11B-45F4BC34910A}"
EndProject
Project("{FAE04EC0-301F-11D3-BF4B-00C04F79EFBC}") = "SportsBetting.Data", "Data\SportsBetting.Data\SportsBetting.Data.csproj", "{22F744B0-D455-4FF8-91CD-34D72D1ED206}"
EndProject
Project("{FAE04EC0-301F-11D3-BF4B-00C04F79EFBC}") = "SportsBetting.Data.Common", "Data\SportsBetting.Data.Common\SportsBetting.Data.Common.csproj", "{9B990381-DFA6-4CBF-B4A4-2461DC0CCA2A}"
EndProject
Project("{2150E333-8FDC-42A3-9474-1A3956D46DE8}") = "IoCContainer", "IoCContainer", "{25B91A96-131E-41CE-B403-51A85A90FAD9}"
EndProject
Project("{FAE04EC0-301F-11D3-BF4B-00C04F79EFBC}") = "SportsBetting.IoCContainer.Packages", "IoCContainer\SportsBetting.IoCContainer.Packages\SportsBetting.IoCContainer.Packages.csproj", "{70DB083C-EF76-4E14-BD46-7B04C10DE804}"
EndProject
Project("{FAE04EC0-301F-11D3-BF4B-00C04F79EFBC}") = "SportsBetting.IoCContainer", "IoCContainer\SportsBetting.IoCContainer\SportsBetting.IoCContainer.csproj", "{54135F4C-8A05-4018-8240-6E0CC17EDF91}"
EndProject
Global
	GlobalSection(SolutionConfigurationPlatforms) = preSolution
		Debug|Any CPU = Debug|Any CPU
		Release|Any CPU = Release|Any CPU
	EndGlobalSection
	GlobalSection(ProjectConfigurationPlatforms) = postSolution
		{803FDA14-C8FD-4383-B11B-45F4BC34910A}.Debug|Any CPU.ActiveCfg = Debug|Any CPU
		{803FDA14-C8FD-4383-B11B-45F4BC34910A}.Debug|Any CPU.Build.0 = Debug|Any CPU
		{803FDA14-C8FD-4383-B11B-45F4BC34910A}.Release|Any CPU.ActiveCfg = Release|Any CPU
		{803FDA14-C8FD-4383-B11B-45F4BC34910A}.Release|Any CPU.Build.0 = Release|Any CPU
		{22F744B0-D455-4FF8-91CD-34D72D1ED206}.Debug|Any CPU.ActiveCfg = Debug|Any CPU
		{22F744B0-D455-4FF8-91CD-34D72D1ED206}.Debug|Any CPU.Build.0 = Debug|Any CPU
		{22F744B0-D455-4FF8-91CD-34D72D1ED206}.Release|Any CPU.ActiveCfg = Release|Any CPU
		{22F744B0-D455-4FF8-91CD-34D72D1ED206}.Release|Any CPU.Build.0 = Release|Any CPU
		{9B990381-DFA6-4CBF-B4A4-2461DC0CCA2A}.Debug|Any CPU.ActiveCfg = Debug|Any CPU
		{9B990381-DFA6-4CBF-B4A4-2461DC0CCA2A}.Debug|Any CPU.Build.0 = Debug|Any CPU
		{9B990381-DFA6-4CBF-B4A4-2461DC0CCA2A}.Release|Any CPU.ActiveCfg = Release|Any CPU
		{9B990381-DFA6-4CBF-B4A4-2461DC0CCA2A}.Release|Any CPU.Build.0 = Release|Any CPU
		{70DB083C-EF76-4E14-BD46-7B04C10DE804}.Debug|Any CPU.ActiveCfg = Debug|Any CPU
		{70DB083C-EF76-4E14-BD46-7B04C10DE804}.Debug|Any CPU.Build.0 = Debug|Any CPU
		{70DB083C-EF76-4E14-BD46-7B04C10DE804}.Release|Any CPU.ActiveCfg = Release|Any CPU
		{70DB083C-EF76-4E14-BD46-7B04C10DE804}.Release|Any CPU.Build.0 = Release|Any CPU
		{54135F4C-8A05-4018-8240-6E0CC17EDF91}.Debug|Any CPU.ActiveCfg = Debug|Any CPU
		{54135F4C-8A05-4018-8240-6E0CC17EDF91}.Debug|Any CPU.Build.0 = Debug|Any CPU
		{54135F4C-8A05-4018-8240-6E0CC17EDF91}.Release|Any CPU.ActiveCfg = Release|Any CPU
		{54135F4C-8A05-4018-8240-6E0CC17EDF91}.Release|Any CPU.Build.0 = Release|Any CPU
	EndGlobalSection
	GlobalSection(SolutionProperties) = preSolution
		HideSolutionNode = FALSE
	EndGlobalSection
	GlobalSection(NestedProjects) = preSolution
		{803FDA14-C8FD-4383-B11B-45F4BC34910A} = {C26131BB-8DB4-433B-B39F-DE27742E1774}
		{22F744B0-D455-4FF8-91CD-34D72D1ED206} = {C26131BB-8DB4-433B-B39F-DE27742E1774}
		{9B990381-DFA6-4CBF-B4A4-2461DC0CCA2A} = {C26131BB-8DB4-433B-B39F-DE27742E1774}
		{70DB083C-EF76-4E14-BD46-7B04C10DE804} = {25B91A96-131E-41CE-B403-51A85A90FAD9}
		{54135F4C-8A05-4018-8240-6E0CC17EDF91} = {25B91A96-131E-41CE-B403-51A85A90FAD9}
	EndGlobalSection
	GlobalSection(ExtensibilityGlobals) = postSolution
		SolutionGuid = {268FD570-3112-4B6E-8255-B4566ED2CDCC}
	EndGlobalSection
EndGlobal
